
Microsoft Visual Studio Solution File, Format Version 12.00
# Visual Studio 15
VisualStudioVersion = 15.0.28307.168
MinimumVisualStudioVersion = 10.0.40219.1
Project("{FAE04EC0-301F-11D3-BF4B-00C04F79EFBC}") = "IssuesResearch.Core.Shared", "IssuesResearch.Core.Shared\IssuesResearch.Core.Shared.csproj", "{6BC21E3C-2739-4834-94F0-F18FBFBDD782}"
EndProject
Project("{FAE04EC0-301F-11D3-BF4B-00C04F79EFBC}") = "IssuesResearch.Core", "IssuesResearch.Core\IssuesResearch.Core.csproj", "{47146054-D8AE-4FDD-B96C-77215B7EB49F}"
EndProject
Project("{FAE04EC0-301F-11D3-BF4B-00C04F79EFBC}") = "IssuesResearch.PO", "IssuesResearch.PO\IssuesResearch.PO.csproj", "{781130EA-DC2F-46B7-B19D-CF2077F12CDD}"
EndProject
Project("{FAE04EC0-301F-11D3-BF4B-00C04F79EFBC}") = "IssuesResearch.Tests", "IssuesResearch.Tests\IssuesResearch.Tests.csproj", "{D54C3C8A-A147-4E25-B903-661F145FD001}"
EndProject
Global
	GlobalSection(SolutionConfigurationPlatforms) = preSolution
		Debug|Any CPU = Debug|Any CPU
		Release|Any CPU = Release|Any CPU
	EndGlobalSection
	GlobalSection(ProjectConfigurationPlatforms) = postSolution
		{6BC21E3C-2739-4834-94F0-F18FBFBDD782}.Debug|Any CPU.ActiveCfg = Debug|Any CPU
		{6BC21E3C-2739-4834-94F0-F18FBFBDD782}.Debug|Any CPU.Build.0 = Debug|Any CPU
		{6BC21E3C-2739-4834-94F0-F18FBFBDD782}.Release|Any CPU.ActiveCfg = Release|Any CPU
		{6BC21E3C-2739-4834-94F0-F18FBFBDD782}.Release|Any CPU.Build.0 = Release|Any CPU
		{47146054-D8AE-4FDD-B96C-77215B7EB49F}.Debug|Any CPU.ActiveCfg = Debug|Any CPU
		{47146054-D8AE-4FDD-B96C-77215B7EB49F}.Debug|Any CPU.Build.0 = Debug|Any CPU
		{47146054-D8AE-4FDD-B96C-77215B7EB49F}.Release|Any CPU.ActiveCfg = Release|Any CPU
		{47146054-D8AE-4FDD-B96C-77215B7EB49F}.Release|Any CPU.Build.0 = Release|Any CPU
		{781130EA-DC2F-46B7-B19D-CF2077F12CDD}.Debug|Any CPU.ActiveCfg = Debug|Any CPU
		{781130EA-DC2F-46B7-B19D-CF2077F12CDD}.Debug|Any CPU.Build.0 = Debug|Any CPU
		{781130EA-DC2F-46B7-B19D-CF2077F12CDD}.Release|Any CPU.ActiveCfg = Release|Any CPU
		{781130EA-DC2F-46B7-B19D-CF2077F12CDD}.Release|Any CPU.Build.0 = Release|Any CPU
		{D54C3C8A-A147-4E25-B903-661F145FD001}.Debug|Any CPU.ActiveCfg = Debug|Any CPU
		{D54C3C8A-A147-4E25-B903-661F145FD001}.Debug|Any CPU.Build.0 = Debug|Any CPU
		{D54C3C8A-A147-4E25-B903-661F145FD001}.Release|Any CPU.ActiveCfg = Release|Any CPU
		{D54C3C8A-A147-4E25-B903-661F145FD001}.Release|Any CPU.Build.0 = Release|Any CPU
	EndGlobalSection
	GlobalSection(SolutionProperties) = preSolution
		HideSolutionNode = FALSE
	EndGlobalSection
	GlobalSection(ExtensibilityGlobals) = postSolution
		SolutionGuid = {3D526574-1C15-4DC6-8958-2893B3D3D4B7}
	EndGlobalSection
EndGlobal
